PODS:
  - Flutter (1.0.0)
  - Herald (2.2.0)

DEPENDENCIES:
  - Flutter (from `Flutter`)
  - Herald (~> 2.2.0)

SPEC REPOS:
  trunk:
    - Herald

EXTERNAL SOURCES:
  Flutter:
    :path: Flutter

SPEC CHECKSUMS:
  Flutter: 71a624a5bc0c04062bf19101d501e466baf2fb47
  Herald: 8b95729058a3832b61a007626d6cf05d8fa5d6b3

PODFILE CHECKSUM: 7aa79e09231731cec3f58e7620a4f872b591e953

COCOAPODS: 1.17.0
